
Microsoft Visual Studio Solution File, Format Version 12.00
# Visual Studio Version 17
VisualStudioVersion = 17.14.36327.8 d17.14
MinimumVisualStudioVersion = 10.0.40219.1
Project("{FAE04EC0-301F-11D3-BF4B-00C04F79EFBC}") = "SCPakTool", "SCPakTool\SCPakTool.csproj", "{729C00CB-481E-4D7F-A822-2ECB79153716}"
EndProject
Global
	GlobalSection(SolutionConfigurationPlatforms) = preSolution
		Debug|Any CPU = Debug|Any CPU
		Release|Any CPU = Release|Any CPU
	EndGlobalSection
	GlobalSection(ProjectConfigurationPlatforms) = postSolution
		{729C00CB-481E-4D7F-A822-2ECB79153716}.Debug|Any CPU.ActiveCfg = Debug|Any CPU
		{729C00CB-481E-4D7F-A822-2ECB79153716}.Debug|Any CPU.Build.0 = Debug|Any CPU
		{729C00CB-481E-4D7F-A822-2ECB79153716}.Release|Any CPU.ActiveCfg = Release|Any CPU
		{729C00CB-481E-4D7F-A822-2ECB79153716}.Release|Any CPU.Build.0 = Release|Any CPU
	EndGlobalSection
	GlobalSection(SolutionProperties) = preSolution
		HideSolutionNode = FALSE
	EndGlobalSection
	GlobalSection(ExtensibilityGlobals) = postSolution
		SolutionGuid = {559485F8-3CBE-4429-9E7E-AE3D6B2C470F}
	EndGlobalSection
EndGlobal
